{
  "version": 1,
  "dependencies": {
    "net10.0": {
      "HidSharp": {
        "type": "Transitive",
        "resolved": "2.1.0",
        "contentHash": "UTdxWvbgp2xzT1Ajaa2va+Qi3oNHJPasYmVhbKI2VVdu1VYP6yUG+RikhsHvpD7iM0S8e8UYb5Qm/LTWxx9QAA=="
      },
      "Microsoft.Extensions.DependencyInjection.Abstractions": {
        "type": "Transitive",
        "resolved": "9.0.0",
        "contentHash": "+6f2qv2a3dLwd5w6JanPIPs47CxRbnk+ZocMJUhv9NxP88VlOcJYZs9jY+MYSjxvady08bUZn6qgiNh7DadGgg=="
      },
      "Microsoft.Extensions.Logging.Abstractions": {
        "type": "Transitive",
        "resolved": "9.0.0",
        "contentHash": "g0UfujELzlLbHoVG8kPKVBaW470Ewi+jnptGS9KUi6jcb+k2StujtK3m26DFSGGwQ/+bVgZfsWqNzlP6YOejvw==",
        "dependencies": {
          "Microsoft.Extensions.DependencyInjection.Abstractions": "9.0.0"
        }
      },
      "Microsoft.Win32.SystemEvents": {
        "type": "Transitive",
        "resolved": "9.0.0",
        "contentHash": "z8FfGIaoeALdD+KF44A2uP8PZIQQtDGiXsOLuN8nohbKhkyKt7zGaZb+fKiCxTuBqG22Q7myIAioSWaIcOOrOw=="
      },
      "SixLabors.ImageSharp": {
        "type": "Transitive",
        "resolved": "3.1.12",
        "contentHash": "iAg6zifihXEFS/t7fiHhZBGAdCp3FavsF4i2ZIDp0JfeYeDVzvmlbY1CNhhIKimaIzrzSi5M/NBFcWvZT2rB/A=="
      },
      "System.Drawing.Common": {
        "type": "Transitive",
        "resolved": "9.0.0",
        "contentHash": "uoozjI3+dlgKh2onFJcz8aNLh6TRCPlLSh8Dbuljc8CdvqXrxHOVysJlrHvlsOCqceqGBR1wrMPxlnzzhynktw==",
        "dependencies": {
          "Microsoft.Win32.SystemEvents": "9.0.0"
        }
      },
      "decksurf.sdk": {
        "type": "Project",
        "dependencies": {
          "HidSharp": "[2.1.0, )",
          "Microsoft.Extensions.Logging.Abstractions": "[9.0.0, )",
          "SixLabors.ImageSharp": "[3.1.12, )",
          "System.Drawing.Common": "[9.0.0, )"
        }
      }
    }
  }
}